
Microsoft Visual Studio Solution File, Format Version 12.00
# Visual Studio Version 16
VisualStudioVersion = 16.0.30611.23
MinimumVisualStudioVersion = 10.0.40219.1
Project("{FAE04EC0-301F-11D3-BF4B-00C04F79EFBC}") = "Examen_Final", "Examen_Final\Examen_Final.csproj", "{05662AAF-7EC4-4C72-8E66-7BD5F5247F24}"
EndProject
Global
	GlobalSection(SolutionConfigurationPlatforms) = preSolution
		Debug|Any CPU = Debug|Any CPU
		Release|Any CPU = Release|Any CPU
	EndGlobalSection
	GlobalSection(ProjectConfigurationPlatforms) = postSolution
		{05662AAF-7EC4-4C72-8E66-7BD5F5247F24}.Debug|Any CPU.ActiveCfg = Debug|Any CPU
		{05662AAF-7EC4-4C72-8E66-7BD5F5247F24}.Debug|Any CPU.Build.0 = Debug|Any CPU
		{05662AAF-7EC4-4C72-8E66-7BD5F5247F24}.Release|Any CPU.ActiveCfg = Release|Any CPU
		{05662AAF-7EC4-4C72-8E66-7BD5F5247F24}.Release|Any CPU.Build.0 = Release|Any CPU
	EndGlobalSection
	GlobalSection(SolutionProperties) = preSolution
		HideSolutionNode = FALSE
	EndGlobalSection
	GlobalSection(ExtensibilityGlobals) = postSolution
		SolutionGuid = {29C9258A-4A53-4EF9-97F2-C7737049E82C}
	EndGlobalSection
EndGlobal
